
Microsoft Visual Studio Solution File, Format Version 12.00
# Visual Studio 15
VisualStudioVersion = 15.0.28307.902
MinimumVisualStudioVersion = 10.0.40219.1
Project("{9A19103F-16F7-4668-BE54-9A1E7A4F7556}") = "KampIntro", "KampIntro\KampIntro.csproj", "{F575B15D-F558-4696-A86C-5C13E8972228}"
EndProject
Project("{9A19103F-16F7-4668-BE54-9A1E7A4F7556}") = "ClassIntro", "ClassIntro\ClassIntro.csproj", "{A5FDBB82-74DA-42A6-99C7-C54A376A6A0C}"
EndProject
Project("{9A19103F-16F7-4668-BE54-9A1E7A4F7556}") = "Donguler", "Donguler\Donguler.csproj", "{B842E1BB-819A-42C2-BA01-B8C28C7D7387}"
EndProject
Project("{9A19103F-16F7-4668-BE54-9A1E7A4F7556}") = "Deneme", "Deneme\Deneme.csproj", "{D5FAE79A-A50B-4DFC-BEF2-6C211BCBBF11}"
EndProject
Project("{9A19103F-16F7-4668-BE54-9A1E7A4F7556}") = "Months", "Months\Months.csproj", "{88C27671-5542-4411-B45E-63E858B9709A}"
EndProject
Project("{9A19103F-16F7-4668-BE54-9A1E7A4F7556}") = "DegerVeReferansTipler", "DegerVeReferansTipler\DegerVeReferansTipler.csproj", "{D13E7249-BD31-4346-8741-2E8E2DA01751}"
EndProject
Project("{9A19103F-16F7-4668-BE54-9A1E7A4F7556}") = "Matematik", "Matematik\Matematik.csproj", "{F013BADE-C910-4186-B38A-D226494743E4}"
EndProject
Project("{9A19103F-16F7-4668-BE54-9A1E7A4F7556}") = "Metotlar", "Metotlar\Metotlar.csproj", "{AC87E3C4-071A-43BC-AA9B-A786EEE2C40E}"
EndProject
Project("{9A19103F-16F7-4668-BE54-9A1E7A4F7556}") = "OOP1", "OOP1\OOP1.csproj", "{B2E480CE-4571-43A8-8CD2-849E2755A424}"
EndProject
Project("{9A19103F-16F7-4668-BE54-9A1E7A4F7556}") = "Koleksiyonlar", "Koleksiyonlar\Koleksiyonlar.csproj", "{98959EA9-19DA-4936-B641-2D0955DD9A65}"
EndProject
Project("{9A19103F-16F7-4668-BE54-9A1E7A4F7556}") = "GenericsIntro", "GenericsIntro\GenericsIntro.csproj", "{1766A8DC-4E21-4605-A884-A160C6D74E4C}"
EndProject
Project("{9A19103F-16F7-4668-BE54-9A1E7A4F7556}") = "Oop2", "Oop2\Oop2.csproj", "{73FDCD07-5394-4AB4-BCE2-297E6583429E}"
EndProject
Project("{9A19103F-16F7-4668-BE54-9A1E7A4F7556}") = "OOP3", "OOP3\OOP3.csproj", "{3694DA6B-C5A9-4D0A-A4B6-C4DFF7EF252E}"
EndProject
Project("{FAE04EC0-301F-11D3-BF4B-00C04F79EFBC}") = "GameProject", "GameProject\GameProject.csproj", "{1D7DDFC3-F920-4B2D-82D9-BB7694B922BD}"
EndProject
Global
	GlobalSection(SolutionConfigurationPlatforms) = preSolution
		Debug|Any CPU = Debug|Any CPU
		Release|Any CPU = Release|Any CPU
	EndGlobalSection
	GlobalSection(ProjectConfigurationPlatforms) = postSolution
		{F575B15D-F558-4696-A86C-5C13E8972228}.Debug|Any CPU.ActiveCfg = Debug|Any CPU
		{F575B15D-F558-4696-A86C-5C13E8972228}.Debug|Any CPU.Build.0 = Debug|Any CPU
		{F575B15D-F558-4696-A86C-5C13E8972228}.Release|Any CPU.ActiveCfg = Release|Any CPU
		{F575B15D-F558-4696-A86C-5C13E8972228}.Release|Any CPU.Build.0 = Release|Any CPU
		{A5FDBB82-74DA-42A6-99C7-C54A376A6A0C}.Debug|Any CPU.ActiveCfg = Debug|Any CPU
		{A5FDBB82-74DA-42A6-99C7-C54A376A6A0C}.Debug|Any CPU.Build.0 = Debug|Any CPU
		{A5FDBB82-74DA-42A6-99C7-C54A376A6A0C}.Release|Any CPU.ActiveCfg = Release|Any CPU
		{A5FDBB82-74DA-42A6-99C7-C54A376A6A0C}.Release|Any CPU.Build.0 = Release|Any CPU
		{B842E1BB-819A-42C2-BA01-B8C28C7D7387}.Debug|Any CPU.ActiveCfg = Debug|Any CPU
		{B842E1BB-819A-42C2-BA01-B8C28C7D7387}.Debug|Any CPU.Build.0 = Debug|Any CPU
		{B842E1BB-819A-42C2-BA01-B8C28C7D7387}.Release|Any CPU.ActiveCfg = Release|Any CPU
		{B842E1BB-819A-42C2-BA01-B8C28C7D7387}.Release|Any CPU.Build.0 = Release|Any CPU
		{D5FAE79A-A50B-4DFC-BEF2-6C211BCBBF11}.Debug|Any CPU.ActiveCfg = Debug|Any CPU
		{D5FAE79A-A50B-4DFC-BEF2-6C211BCBBF11}.Debug|Any CPU.Build.0 = Debug|Any CPU
		{D5FAE79A-A50B-4DFC-BEF2-6C211BCBBF11}.Release|Any CPU.ActiveCfg = Release|Any CPU
		{D5FAE79A-A50B-4DFC-BEF2-6C211BCBBF11}.Release|Any CPU.Build.0 = Release|Any CPU
		{88C27671-5542-4411-B45E-63E858B9709A}.Debug|Any CPU.ActiveCfg = Debug|Any CPU
		{88C27671-5542-4411-B45E-63E858B9709A}.Debug|Any CPU.Build.0 = Debug|Any CPU
		{88C27671-5542-4411-B45E-63E858B9709A}.Release|Any CPU.ActiveCfg = Release|Any CPU
		{88C27671-5542-4411-B45E-63E858B9709A}.Release|Any CPU.Build.0 = Release|Any CPU
		{D13E7249-BD31-4346-8741-2E8E2DA01751}.Debug|Any CPU.ActiveCfg = Debug|Any CPU
		{D13E7249-BD31-4346-8741-2E8E2DA01751}.Debug|Any CPU.Build.0 = Debug|Any CPU
		{D13E7249-BD31-4346-8741-2E8E2DA01751}.Release|Any CPU.ActiveCfg = Release|Any CPU
		{D13E7249-BD31-4346-8741-2E8E2DA01751}.Release|Any CPU.Build.0 = Release|Any CPU
		{F013BADE-C910-4186-B38A-D226494743E4}.Debug|Any CPU.ActiveCfg = Debug|Any CPU
		{F013BADE-C910-4186-B38A-D226494743E4}.Debug|Any CPU.Build.0 = Debug|Any CPU
		{F013BADE-C910-4186-B38A-D226494743E4}.Release|Any CPU.ActiveCfg = Release|Any CPU
		{F013BADE-C910-4186-B38A-D226494743E4}.Release|Any CPU.Build.0 = Release|Any CPU
		{AC87E3C4-071A-43BC-AA9B-A786EEE2C40E}.Debug|Any CPU.ActiveCfg = Debug|Any CPU
		{AC87E3C4-071A-43BC-AA9B-A786EEE2C40E}.Debug|Any CPU.Build.0 = Debug|Any CPU
		{AC87E3C4-071A-43BC-AA9B-A786EEE2C40E}.Release|Any CPU.ActiveCfg = Release|Any CPU
		{AC87E3C4-071A-43BC-AA9B-A786EEE2C40E}.Release|Any CPU.Build.0 = Release|Any CPU
		{B2E480CE-4571-43A8-8CD2-849E2755A424}.Debug|Any CPU.ActiveCfg = Debug|Any CPU
		{B2E480CE-4571-43A8-8CD2-849E2755A424}.Debug|Any CPU.Build.0 = Debug|Any CPU
		{B2E480CE-4571-43A8-8CD2-849E2755A424}.Release|Any CPU.ActiveCfg = Release|Any CPU
		{B2E480CE-4571-43A8-8CD2-849E2755A424}.Release|Any CPU.Build.0 = Release|Any CPU
		{98959EA9-19DA-4936-B641-2D0955DD9A65}.Debug|Any CPU.ActiveCfg = Debug|Any CPU
		{98959EA9-19DA-4936-B641-2D0955DD9A65}.Debug|Any CPU.Build.0 = Debug|Any CPU
		{98959EA9-19DA-4936-B641-2D0955DD9A65}.Release|Any CPU.ActiveCfg = Release|Any CPU
		{98959EA9-19DA-4936-B641-2D0955DD9A65}.Release|Any CPU.Build.0 = Release|Any CPU
		{1766A8DC-4E21-4605-A884-A160C6D74E4C}.Debug|Any CPU.ActiveCfg = Debug|Any CPU
		{1766A8DC-4E21-4605-A884-A160C6D74E4C}.Debug|Any CPU.Build.0 = Debug|Any CPU
		{1766A8DC-4E21-4605-A884-A160C6D74E4C}.Release|Any CPU.ActiveCfg = Release|Any CPU
		{1766A8DC-4E21-4605-A884-A160C6D74E4C}.Release|Any CPU.Build.0 = Release|Any CPU
		{73FDCD07-5394-4AB4-BCE2-297E6583429E}.Debug|Any CPU.ActiveCfg = Debug|Any CPU
		{73FDCD07-5394-4AB4-BCE2-297E6583429E}.Debug|Any CPU.Build.0 = Debug|Any CPU
		{73FDCD07-5394-4AB4-BCE2-297E6583429E}.Release|Any CPU.ActiveCfg = Release|Any CPU
		{73FDCD07-5394-4AB4-BCE2-297E6583429E}.Release|Any CPU.Build.0 = Release|Any CPU
		{3694DA6B-C5A9-4D0A-A4B6-C4DFF7EF252E}.Debug|Any CPU.ActiveCfg = Debug|Any CPU
		{3694DA6B-C5A9-4D0A-A4B6-C4DFF7EF252E}.Debug|Any CPU.Build.0 = Debug|Any CPU
		{3694DA6B-C5A9-4D0A-A4B6-C4DFF7EF252E}.Release|Any CPU.ActiveCfg = Release|Any CPU
		{3694DA6B-C5A9-4D0A-A4B6-C4DFF7EF252E}.Release|Any CPU.Build.0 = Release|Any CPU
		{1D7DDFC3-F920-4B2D-82D9-BB7694B922BD}.Debug|Any CPU.ActiveCfg = Debug|Any CPU
		{1D7DDFC3-F920-4B2D-82D9-BB7694B922BD}.Debug|Any CPU.Build.0 = Debug|Any CPU
		{1D7DDFC3-F920-4B2D-82D9-BB7694B922BD}.Release|Any CPU.ActiveCfg = Release|Any CPU
		{1D7DDFC3-F920-4B2D-82D9-BB7694B922BD}.Release|Any CPU.Build.0 = Release|Any CPU
	EndGlobalSection
	GlobalSection(SolutionProperties) = preSolution
		HideSolutionNode = FALSE
	EndGlobalSection
	GlobalSection(ExtensibilityGlobals) = postSolution
		SolutionGuid = {50494432-46BF-4523-8207-0ED1F83465B6}
	EndGlobalSection
EndGlobal
